
Microsoft Visual Studio Solution File, Format Version 12.00
# Visual Studio 2012
Project("{FAE04EC0-301F-11D3-BF4B-00C04F79EFBC}") = "teamefstamac", "teamefstamac\teamefstamac.csproj", "{AF7B633E-0D17-4C3F-810C-AEA7B7146833}"
EndProject
Project("{FAE04EC0-301F-11D3-BF4B-00C04F79EFBC}") = "teamefstamac.Tests", "teamefstamac.Tests\teamefstamac.Tests.csproj", "{A4A46296-0B82-4579-8574-F06498B5AC30}"
EndProject
Global
	GlobalSection(SolutionConfigurationPlatforms) = preSolution
		Debug|Any CPU = Debug|Any CPU
		Release|Any CPU = Release|Any CPU
	EndGlobalSection
	GlobalSection(ProjectConfigurationPlatforms) = postSolution
		{AF7B633E-0D17-4C3F-810C-AEA7B7146833}.Debug|Any CPU.ActiveCfg = Debug|Any CPU
		{AF7B633E-0D17-4C3F-810C-AEA7B7146833}.Debug|Any CPU.Build.0 = Debug|Any CPU
		{AF7B633E-0D17-4C3F-810C-AEA7B7146833}.Release|Any CPU.ActiveCfg = Release|Any CPU
		{AF7B633E-0D17-4C3F-810C-AEA7B7146833}.Release|Any CPU.Build.0 = Release|Any CPU
		{A4A46296-0B82-4579-8574-F06498B5AC30}.Debug|Any CPU.ActiveCfg = Debug|Any CPU
		{A4A46296-0B82-4579-8574-F06498B5AC30}.Debug|Any CPU.Build.0 = Debug|Any CPU
		{A4A46296-0B82-4579-8574-F06498B5AC30}.Release|Any CPU.ActiveCfg = Release|Any CPU
		{A4A46296-0B82-4579-8574-F06498B5AC30}.Release|Any CPU.Build.0 = Release|Any CPU
	EndGlobalSection
EndGlobal
